
Microsoft Visual Studio Solution File, Format Version 12.00
# Visual Studio Version 16
VisualStudioVersion = 16.0.29025.244
MinimumVisualStudioVersion = 10.0.40219.1
Project("{FAE04EC0-301F-11D3-BF4B-00C04F79EFBC}") = "CEncyption v1.1", "CEncyption v1.1\CEncyption v1.1.csproj", "{9C8BE278-295E-48A6-BA0F-473A1845A577}"
EndProject
Global
	GlobalSection(SolutionConfigurationPlatforms) = preSolution
		Debug|Any CPU = Debug|Any CPU
		Release|Any CPU = Release|Any CPU
	EndGlobalSection
	GlobalSection(ProjectConfigurationPlatforms) = postSolution
		{9C8BE278-295E-48A6-BA0F-473A1845A577}.Debug|Any CPU.ActiveCfg = Debug|Any CPU
		{9C8BE278-295E-48A6-BA0F-473A1845A577}.Debug|Any CPU.Build.0 = Debug|Any CPU
		{9C8BE278-295E-48A6-BA0F-473A1845A577}.Release|Any CPU.ActiveCfg = Release|Any CPU
		{9C8BE278-295E-48A6-BA0F-473A1845A577}.Release|Any CPU.Build.0 = Release|Any CPU
	EndGlobalSection
	GlobalSection(SolutionProperties) = preSolution
		HideSolutionNode = FALSE
	EndGlobalSection
	GlobalSection(ExtensibilityGlobals) = postSolution
		SolutionGuid = {3AB1AADF-A47D-49FA-963A-F7DF15FB7DAD}
	EndGlobalSection
EndGlobal
